
Microsoft Visual Studio Solution File, Format Version 12.00
# Visual Studio Version 16
VisualStudioVersion = 16.0.29905.134
MinimumVisualStudioVersion = 10.0.40219.1
Project("{FAE04EC0-301F-11D3-BF4B-00C04F79EFBC}") = "FoxTrotBot", "FoxTrotBot\FoxTrotBot.csproj", "{D26F9ED2-D52C-4863-B6DE-1C5AB492C985}"
EndProject
Global
	GlobalSection(SolutionConfigurationPlatforms) = preSolution
		Debug|Any CPU = Debug|Any CPU
		Release|Any CPU = Release|Any CPU
	EndGlobalSection
	GlobalSection(ProjectConfigurationPlatforms) = postSolution
		{D26F9ED2-D52C-4863-B6DE-1C5AB492C985}.Debug|Any CPU.ActiveCfg = Debug|Any CPU
		{D26F9ED2-D52C-4863-B6DE-1C5AB492C985}.Debug|Any CPU.Build.0 = Debug|Any CPU
		{D26F9ED2-D52C-4863-B6DE-1C5AB492C985}.Release|Any CPU.ActiveCfg = Release|Any CPU
		{D26F9ED2-D52C-4863-B6DE-1C5AB492C985}.Release|Any CPU.Build.0 = Release|Any CPU
	EndGlobalSection
	GlobalSection(SolutionProperties) = preSolution
		HideSolutionNode = FALSE
	EndGlobalSection
	GlobalSection(ExtensibilityGlobals) = postSolution
		SolutionGuid = {14578A61-DB4C-4670-A5BB-2BCAB4531B41}
	EndGlobalSection
EndGlobal
